{
  "name": "test",
  "lockfileVersion": 2,
  "requires": true,
  "packages": {
    "": {
      "dependencies": {
        "pareto-core-lib": "^0.6.0"
      }
    },
    "node_modules/pareto-core-internals": {
      "version": "0.2.0",
      "resolved": "https://registry.npmjs.org/pareto-core-internals/-/pareto-core-internals-0.2.0.tgz",
      "integrity": "sha512-pMiM+P1IZGSL5ZguzVZVK6UB6s0aL3AEcBc4mxb6gOGEROMi/TcgNiMHwpIzbQ9KbNVjqXRlal9NUVJHkQPrQw==",
      "dependencies": {
        "pareto-core-types": "^0.2.0"
      }
    },
    "node_modules/pareto-core-lib": {
      "version": "0.6.0",
      "resolved": "https://registry.npmjs.org/pareto-core-lib/-/pareto-core-lib-0.6.0.tgz",
      "integrity": "sha512-JsJh4bg87XLTBQEYIDP7M34OeT7on8/tdk39EQ49cJETbAvz8ze3UawX3P0B98zPaElaeA6n3ESaY+Q5H5oxGQ==",
      "dependencies": {
        "pareto-core-internals": "^0.2.0",
        "pareto-internals": "^0.1.0"
      }
    },
    "node_modules/pareto-core-types": {
      "version": "0.2.0",
      "resolved": "https://registry.npmjs.org/pareto-core-types/-/pareto-core-types-0.2.0.tgz",
      "integrity": "sha512-XopY0slTv5wAObZu0nOSsz6O86K/peQhVu+bqIBMJRKiewjawmIOqa9e8JHlFyXdMHxa0Ek4zDThWQVkiBCsKQ=="
    },
    "node_modules/pareto-internals": {
      "version": "0.1.0",
      "resolved": "https://registry.npmjs.org/pareto-internals/-/pareto-internals-0.1.0.tgz",
      "integrity": "sha512-913Djt5kX4DK2JFTnVzg13ys3grhDP4AB7WbkGK54mILRsYKzRayA3mMSeAZ6zVdewB4ghbQT/TY44Mo3erAJg==",
      "dependencies": {
        "pareto-core-types": "^0.2.0"
      }
    }
  },
  "dependencies": {
    "pareto-core-internals": {
      "version": "0.2.0",
      "resolved": "https://registry.npmjs.org/pareto-core-internals/-/pareto-core-internals-0.2.0.tgz",
      "integrity": "sha512-pMiM+P1IZGSL5ZguzVZVK6UB6s0aL3AEcBc4mxb6gOGEROMi/TcgNiMHwpIzbQ9KbNVjqXRlal9NUVJHkQPrQw==",
      "requires": {
        "pareto-core-types": "^0.2.0"
      }
    },
    "pareto-core-lib": {
      "version": "0.6.0",
      "resolved": "https://registry.npmjs.org/pareto-core-lib/-/pareto-core-lib-0.6.0.tgz",
      "integrity": "sha512-JsJh4bg87XLTBQEYIDP7M34OeT7on8/tdk39EQ49cJETbAvz8ze3UawX3P0B98zPaElaeA6n3ESaY+Q5H5oxGQ==",
      "requires": {
        "pareto-core-internals": "^0.2.0",
        "pareto-internals": "^0.1.0"
      }
    },
    "pareto-core-types": {
      "version": "0.2.0",
      "resolved": "https://registry.npmjs.org/pareto-core-types/-/pareto-core-types-0.2.0.tgz",
      "integrity": "sha512-XopY0slTv5wAObZu0nOSsz6O86K/peQhVu+bqIBMJRKiewjawmIOqa9e8JHlFyXdMHxa0Ek4zDThWQVkiBCsKQ=="
    },
    "pareto-internals": {
      "version": "0.1.0",
      "resolved": "https://registry.npmjs.org/pareto-internals/-/pareto-internals-0.1.0.tgz",
      "integrity": "sha512-913Djt5kX4DK2JFTnVzg13ys3grhDP4AB7WbkGK54mILRsYKzRayA3mMSeAZ6zVdewB4ghbQT/TY44Mo3erAJg==",
      "requires": {
        "pareto-core-types": "^0.2.0"
      }
    }
  }
}
