{
  "name": "test",
  "lockfileVersion": 2,
  "requires": true,
  "packages": {
    "": {
      "dependencies": {
        "pareto-core-lib": "^0.3.0"
      }
    },
    "node_modules/pareto-core-lib": {
      "version": "0.3.0",
      "resolved": "https://registry.npmjs.org/pareto-core-lib/-/pareto-core-lib-0.3.0.tgz",
      "integrity": "sha512-P/XNrI2JtAEoqgREMiyZ8pJlogMs7VDkM7sX8f9L3ePIqnfakwSL5wa+ENiQ4C4k4jpyXgRsHx0lU237yhgT8g==",
      "dependencies": {
        "pareto-core-raw": "^0.1.0",
        "pareto-core-types": "^0.1.0"
      }
    },
    "node_modules/pareto-core-raw": {
      "version": "0.1.0",
      "resolved": "https://registry.npmjs.org/pareto-core-raw/-/pareto-core-raw-0.1.0.tgz",
      "integrity": "sha512-yrwHL670i9jIkZzKXpSTecAkP1EX2The09izuSxRcaALP782WqTg+DOrVZSaUw/zWVwVjElGTynlFL7yThnJyA==",
      "dependencies": {
        "pareto-core-types": "^0.1.0"
      }
    },
    "node_modules/pareto-core-types": {
      "version": "0.1.0",
      "resolved": "https://registry.npmjs.org/pareto-core-types/-/pareto-core-types-0.1.0.tgz",
      "integrity": "sha512-0HzkufJz11Lus9Kt1AS5+ihBMjyJvpmw2/lQHOYhhIv8WwrTBpIsYJusEzrlnq2+wWAoK46giQeHFky2YQAnaw=="
    }
  },
  "dependencies": {
    "pareto-core-lib": {
      "version": "0.3.0",
      "resolved": "https://registry.npmjs.org/pareto-core-lib/-/pareto-core-lib-0.3.0.tgz",
      "integrity": "sha512-P/XNrI2JtAEoqgREMiyZ8pJlogMs7VDkM7sX8f9L3ePIqnfakwSL5wa+ENiQ4C4k4jpyXgRsHx0lU237yhgT8g==",
      "requires": {
        "pareto-core-raw": "^0.1.0",
        "pareto-core-types": "^0.1.0"
      }
    },
    "pareto-core-raw": {
      "version": "0.1.0",
      "resolved": "https://registry.npmjs.org/pareto-core-raw/-/pareto-core-raw-0.1.0.tgz",
      "integrity": "sha512-yrwHL670i9jIkZzKXpSTecAkP1EX2The09izuSxRcaALP782WqTg+DOrVZSaUw/zWVwVjElGTynlFL7yThnJyA==",
      "requires": {
        "pareto-core-types": "^0.1.0"
      }
    },
    "pareto-core-types": {
      "version": "0.1.0",
      "resolved": "https://registry.npmjs.org/pareto-core-types/-/pareto-core-types-0.1.0.tgz",
      "integrity": "sha512-0HzkufJz11Lus9Kt1AS5+ihBMjyJvpmw2/lQHOYhhIv8WwrTBpIsYJusEzrlnq2+wWAoK46giQeHFky2YQAnaw=="
    }
  }
}
