{
  "name": "res-pareto-ugly-stuff",
  "version": "0.2.0",
  "lockfileVersion": 2,
  "requires": true,
  "packages": {
    "": {
      "name": "res-pareto-ugly-stuff",
      "version": "0.2.0",
      "license": "ISC",
      "dependencies": {
        "api-pareto-ugly-stuff": "^0.1.0"
      }
    },
    "node_modules/api-pareto-ugly-stuff": {
      "version": "0.1.0",
      "resolved": "https://registry.npmjs.org/api-pareto-ugly-stuff/-/api-pareto-ugly-stuff-0.1.0.tgz",
      "integrity": "sha512-Fd+EQ9q92LwaHGD55UIHhioS+SeDZEKpRxzzlpd7NiM2IBVxmPv8OdSxIDMTLb7X4cVFc3DuVsHVmhsGFL1h7Q==",
      "dependencies": {
        "pareto-core-types": "^0.1.0"
      }
    },
    "node_modules/pareto-core-types": {
      "version": "0.1.0",
      "resolved": "https://registry.npmjs.org/pareto-core-types/-/pareto-core-types-0.1.0.tgz",
      "integrity": "sha512-0HzkufJz11Lus9Kt1AS5+ihBMjyJvpmw2/lQHOYhhIv8WwrTBpIsYJusEzrlnq2+wWAoK46giQeHFky2YQAnaw=="
    }
  },
  "dependencies": {
    "api-pareto-ugly-stuff": {
      "version": "0.1.0",
      "resolved": "https://registry.npmjs.org/api-pareto-ugly-stuff/-/api-pareto-ugly-stuff-0.1.0.tgz",
      "integrity": "sha512-Fd+EQ9q92LwaHGD55UIHhioS+SeDZEKpRxzzlpd7NiM2IBVxmPv8OdSxIDMTLb7X4cVFc3DuVsHVmhsGFL1h7Q==",
      "requires": {
        "pareto-core-types": "^0.1.0"
      }
    },
    "pareto-core-types": {
      "version": "0.1.0",
      "resolved": "https://registry.npmjs.org/pareto-core-types/-/pareto-core-types-0.1.0.tgz",
      "integrity": "sha512-0HzkufJz11Lus9Kt1AS5+ihBMjyJvpmw2/lQHOYhhIv8WwrTBpIsYJusEzrlnq2+wWAoK46giQeHFky2YQAnaw=="
    }
  }
}
