{
  "name": "res-pareto-ugly-stuff",
  "version": "0.9.0",
  "lockfileVersion": 2,
  "requires": true,
  "packages": {
    "": {
      "name": "res-pareto-ugly-stuff",
      "version": "0.9.0",
      "license": "ISC",
      "dependencies": {
        "api-pareto-ugly-stuff": "^0.12.0",
        "pareto-core-internals": "^0.8.0",
        "pareto-core-lib": "^0.13.0"
      }
    },
    "node_modules/api-pareto-common": {
      "version": "0.2.0",
      "resolved": "https://registry.npmjs.org/api-pareto-common/-/api-pareto-common-0.2.0.tgz",
      "integrity": "sha512-N3X7O2eHqUPyQLp0Ic3uTB6DCUNF4jDTFJPn+H/bNr06yx5NCz9JI9sG5Ej/n+f5Rt6/Mlk2/PQR63NO9TjLvw==",
      "dependencies": {
        "pareto-core-types": "^0.6.0"
      }
    },
    "node_modules/api-pareto-ugly-stuff": {
      "version": "0.12.0",
      "resolved": "https://registry.npmjs.org/api-pareto-ugly-stuff/-/api-pareto-ugly-stuff-0.12.0.tgz",
      "integrity": "sha512-Bp1E9xQlC66S5kviVmI+w0Nf/cknFqQi3ieVu9cXZXNxYKzcm+iOiH77hjj09axnfO0hHTMS3ALSS6QT8wFi/g==",
      "dependencies": {
        "api-pareto-common": "^0.2.0",
        "pareto-core-types": "^0.6.0"
      }
    },
    "node_modules/pareto-core-internals": {
      "version": "0.8.0",
      "resolved": "https://registry.npmjs.org/pareto-core-internals/-/pareto-core-internals-0.8.0.tgz",
      "integrity": "sha512-T6uyarcFcODa8bRF/zLoAjMwNSyaY+Xsmv/lI5OipQQ2hnujCUx7XVT8+uveOgZ4kzKctRwbnfKRcVEcRgKSfQ==",
      "dependencies": {
        "pareto-core-types": "^0.6.0"
      }
    },
    "node_modules/pareto-core-lib": {
      "version": "0.13.0",
      "resolved": "https://registry.npmjs.org/pareto-core-lib/-/pareto-core-lib-0.13.0.tgz",
      "integrity": "sha512-abwCBRCqX9zs/0ENJC0WJOWeRqT0MTe4zfj21xJZidMjcXT0ga/V6XYLF4m8OQgqqQfzPchI5rkyBJgzXQTxrg==",
      "dependencies": {
        "pareto-core-internals": "^0.7.0"
      }
    },
    "node_modules/pareto-core-lib/node_modules/pareto-core-internals": {
      "version": "0.7.0",
      "resolved": "https://registry.npmjs.org/pareto-core-internals/-/pareto-core-internals-0.7.0.tgz",
      "integrity": "sha512-1Mh7f9yFLSsFZKb3Rs/E9qGucUF2n1FcWPRfcRi47qI+FwhDfka0JbadlJaNnoVGOsY1bPMGxesTwReszBf9pw==",
      "dependencies": {
        "pareto-core-types": "^0.6.0"
      }
    },
    "node_modules/pareto-core-types": {
      "version": "0.6.0",
      "resolved": "https://registry.npmjs.org/pareto-core-types/-/pareto-core-types-0.6.0.tgz",
      "integrity": "sha512-q9M6w+M6kgJBaroffQto9oRqsBKDpYI+JbJgO+7wVUx5QPew9kEsdevkNfjPPPWhq0grRg9Nj3t2gQy6wXyL2g=="
    }
  },
  "dependencies": {
    "api-pareto-common": {
      "version": "0.2.0",
      "resolved": "https://registry.npmjs.org/api-pareto-common/-/api-pareto-common-0.2.0.tgz",
      "integrity": "sha512-N3X7O2eHqUPyQLp0Ic3uTB6DCUNF4jDTFJPn+H/bNr06yx5NCz9JI9sG5Ej/n+f5Rt6/Mlk2/PQR63NO9TjLvw==",
      "requires": {
        "pareto-core-types": "^0.6.0"
      }
    },
    "api-pareto-ugly-stuff": {
      "version": "0.12.0",
      "resolved": "https://registry.npmjs.org/api-pareto-ugly-stuff/-/api-pareto-ugly-stuff-0.12.0.tgz",
      "integrity": "sha512-Bp1E9xQlC66S5kviVmI+w0Nf/cknFqQi3ieVu9cXZXNxYKzcm+iOiH77hjj09axnfO0hHTMS3ALSS6QT8wFi/g==",
      "requires": {
        "api-pareto-common": "^0.2.0",
        "pareto-core-types": "^0.6.0"
      }
    },
    "pareto-core-internals": {
      "version": "0.8.0",
      "resolved": "https://registry.npmjs.org/pareto-core-internals/-/pareto-core-internals-0.8.0.tgz",
      "integrity": "sha512-T6uyarcFcODa8bRF/zLoAjMwNSyaY+Xsmv/lI5OipQQ2hnujCUx7XVT8+uveOgZ4kzKctRwbnfKRcVEcRgKSfQ==",
      "requires": {
        "pareto-core-types": "^0.6.0"
      }
    },
    "pareto-core-lib": {
      "version": "0.13.0",
      "resolved": "https://registry.npmjs.org/pareto-core-lib/-/pareto-core-lib-0.13.0.tgz",
      "integrity": "sha512-abwCBRCqX9zs/0ENJC0WJOWeRqT0MTe4zfj21xJZidMjcXT0ga/V6XYLF4m8OQgqqQfzPchI5rkyBJgzXQTxrg==",
      "requires": {
        "pareto-core-internals": "^0.7.0"
      },
      "dependencies": {
        "pareto-core-internals": {
          "version": "0.7.0",
          "resolved": "https://registry.npmjs.org/pareto-core-internals/-/pareto-core-internals-0.7.0.tgz",
          "integrity": "sha512-1Mh7f9yFLSsFZKb3Rs/E9qGucUF2n1FcWPRfcRi47qI+FwhDfka0JbadlJaNnoVGOsY1bPMGxesTwReszBf9pw==",
          "requires": {
            "pareto-core-types": "^0.6.0"
          }
        }
      }
    },
    "pareto-core-types": {
      "version": "0.6.0",
      "resolved": "https://registry.npmjs.org/pareto-core-types/-/pareto-core-types-0.6.0.tgz",
      "integrity": "sha512-q9M6w+M6kgJBaroffQto9oRqsBKDpYI+JbJgO+7wVUx5QPew9kEsdevkNfjPPPWhq0grRg9Nj3t2gQy6wXyL2g=="
    }
  }
}
